
Microsoft Visual Studio Solution File, Format Version 12.00
# Visual Studio 15
VisualStudioVersion = 15.0.27428.2015
MinimumVisualStudioVersion = 10.0.40219.1
Project("{FAE04EC0-301F-11D3-BF4B-00C04F79EFBC}") = "BitmapTracer", "BitmapTracer\BitmapTracer.csproj", "{F968C954-62D9-4269-B13C-FF501FC88B6B}"
EndProject
Project("{FAE04EC0-301F-11D3-BF4B-00C04F79EFBC}") = "BitmapTracer.Core", "BitmapTracer.Core\BitmapTracer.Core.csproj", "{AA6BDDC3-F14E-4FF0-BCA1-2A7351F60753}"
EndProject
Project("{FAE04EC0-301F-11D3-BF4B-00C04F79EFBC}") = "BitmapTracer.CoreTests", "BitmapTracer.CoreTests\BitmapTracer.CoreTests.csproj", "{3E05CA70-C20E-4741-B7AA-12973670D12A}"
EndProject
Global
	GlobalSection(SolutionConfigurationPlatforms) = preSolution
		Debug|Any CPU = Debug|Any CPU
		Release|Any CPU = Release|Any CPU
	EndGlobalSection
	GlobalSection(ProjectConfigurationPlatforms) = postSolution
		{F968C954-62D9-4269-B13C-FF501FC88B6B}.Debug|Any CPU.ActiveCfg = Debug|Any CPU
		{F968C954-62D9-4269-B13C-FF501FC88B6B}.Debug|Any CPU.Build.0 = Debug|Any CPU
		{F968C954-62D9-4269-B13C-FF501FC88B6B}.Release|Any CPU.ActiveCfg = Release|Any CPU
		{F968C954-62D9-4269-B13C-FF501FC88B6B}.Release|Any CPU.Build.0 = Release|Any CPU
		{AA6BDDC3-F14E-4FF0-BCA1-2A7351F60753}.Debug|Any CPU.ActiveCfg = Debug|Any CPU
		{AA6BDDC3-F14E-4FF0-BCA1-2A7351F60753}.Debug|Any CPU.Build.0 = Debug|Any CPU
		{AA6BDDC3-F14E-4FF0-BCA1-2A7351F60753}.Release|Any CPU.ActiveCfg = Release|Any CPU
		{AA6BDDC3-F14E-4FF0-BCA1-2A7351F60753}.Release|Any CPU.Build.0 = Release|Any CPU
		{3E05CA70-C20E-4741-B7AA-12973670D12A}.Debug|Any CPU.ActiveCfg = Debug|Any CPU
		{3E05CA70-C20E-4741-B7AA-12973670D12A}.Debug|Any CPU.Build.0 = Debug|Any CPU
		{3E05CA70-C20E-4741-B7AA-12973670D12A}.Release|Any CPU.ActiveCfg = Release|Any CPU
		{3E05CA70-C20E-4741-B7AA-12973670D12A}.Release|Any CPU.Build.0 = Release|Any CPU
	EndGlobalSection
	GlobalSection(SolutionProperties) = preSolution
		HideSolutionNode = FALSE
	EndGlobalSection
	GlobalSection(ExtensibilityGlobals) = postSolution
		SolutionGuid = {724B6E5E-F5A8-4ED4-A4ED-1535D410503D}
		BuildVersion_StartDate = 2000/1/1
		BuildVersion_IncrementBeforeBuild = True
		BuildVersion_UseGlobalSettings = False
		BuildVersion_DetectChanges = True
	EndGlobalSection
EndGlobal
